
Microsoft Visual Studio Solution File, Format Version 12.00
# Visual Studio Version 16
VisualStudioVersion = 16.6.30114.105
MinimumVisualStudioVersion = 10.0.40219.1
Project("{2150E333-8FDC-42A3-9474-1A3956D46DE8}") = "Demo-2-Forms", "Demo-2-Forms", "{2DA64B52-8C47-4BE8-A1C4-0099278F87B9}"
EndProject
Project("{FAE04EC0-301F-11D3-BF4B-00C04F79EFBC}") = "FormsDemoApp", "Demo-2-Forms\FormsDemoApp\FormsDemoApp.csproj", "{7ED676AE-3287-4B17-AC8E-22AA1C2D4A6F}"
EndProject
Project("{2150E333-8FDC-42A3-9474-1A3956D46DE8}") = "Demo-3-MarkdownComponent", "Demo-3-MarkdownComponent", "{91D17675-5547-41F7-A237-2FB75875DAD2}"
EndProject
Project("{FAE04EC0-301F-11D3-BF4B-00C04F79EFBC}") = "MarkdownComponent", "Demo-3-MarkdownComponent\MarkdownComponent\MarkdownComponent.csproj", "{6A4F47B1-F0BB-4189-9475-6364539F0085}"
EndProject
Project("{2150E333-8FDC-42A3-9474-1A3956D46DE8}") = "Demo-5-jsInterop", "Demo-5-jsInterop", "{7830D60F-C749-4844-A0F6-F75693EEBDB2}"
EndProject
Project("{FAE04EC0-301F-11D3-BF4B-00C04F79EFBC}") = "JsInterop", "Demo-5-jsInterop\JsInterop\JsInterop.csproj", "{78859378-3CD3-40E4-B0BE-3C1793B6EAEC}"
EndProject
Global
	GlobalSection(SolutionConfigurationPlatforms) = preSolution
		Debug|Any CPU = Debug|Any CPU
		Debug|x64 = Debug|x64
		Debug|x86 = Debug|x86
		Release|Any CPU = Release|Any CPU
		Release|x64 = Release|x64
		Release|x86 = Release|x86
	EndGlobalSection
	GlobalSection(SolutionProperties) = preSolution
		HideSolutionNode = FALSE
	EndGlobalSection
	GlobalSection(ProjectConfigurationPlatforms) = postSolution
		{7ED676AE-3287-4B17-AC8E-22AA1C2D4A6F}.Debug|Any CPU.ActiveCfg = Debug|Any CPU
		{7ED676AE-3287-4B17-AC8E-22AA1C2D4A6F}.Debug|Any CPU.Build.0 = Debug|Any CPU
		{7ED676AE-3287-4B17-AC8E-22AA1C2D4A6F}.Debug|x64.ActiveCfg = Debug|Any CPU
		{7ED676AE-3287-4B17-AC8E-22AA1C2D4A6F}.Debug|x64.Build.0 = Debug|Any CPU
		{7ED676AE-3287-4B17-AC8E-22AA1C2D4A6F}.Debug|x86.ActiveCfg = Debug|Any CPU
		{7ED676AE-3287-4B17-AC8E-22AA1C2D4A6F}.Debug|x86.Build.0 = Debug|Any CPU
		{7ED676AE-3287-4B17-AC8E-22AA1C2D4A6F}.Release|Any CPU.ActiveCfg = Release|Any CPU
		{7ED676AE-3287-4B17-AC8E-22AA1C2D4A6F}.Release|Any CPU.Build.0 = Release|Any CPU
		{7ED676AE-3287-4B17-AC8E-22AA1C2D4A6F}.Release|x64.ActiveCfg = Release|Any CPU
		{7ED676AE-3287-4B17-AC8E-22AA1C2D4A6F}.Release|x64.Build.0 = Release|Any CPU
		{7ED676AE-3287-4B17-AC8E-22AA1C2D4A6F}.Release|x86.ActiveCfg = Release|Any CPU
		{7ED676AE-3287-4B17-AC8E-22AA1C2D4A6F}.Release|x86.Build.0 = Release|Any CPU
		{6A4F47B1-F0BB-4189-9475-6364539F0085}.Debug|Any CPU.ActiveCfg = Debug|Any CPU
		{6A4F47B1-F0BB-4189-9475-6364539F0085}.Debug|Any CPU.Build.0 = Debug|Any CPU
		{6A4F47B1-F0BB-4189-9475-6364539F0085}.Debug|x64.ActiveCfg = Debug|Any CPU
		{6A4F47B1-F0BB-4189-9475-6364539F0085}.Debug|x64.Build.0 = Debug|Any CPU
		{6A4F47B1-F0BB-4189-9475-6364539F0085}.Debug|x86.ActiveCfg = Debug|Any CPU
		{6A4F47B1-F0BB-4189-9475-6364539F0085}.Debug|x86.Build.0 = Debug|Any CPU
		{6A4F47B1-F0BB-4189-9475-6364539F0085}.Release|Any CPU.ActiveCfg = Release|Any CPU
		{6A4F47B1-F0BB-4189-9475-6364539F0085}.Release|Any CPU.Build.0 = Release|Any CPU
		{6A4F47B1-F0BB-4189-9475-6364539F0085}.Release|x64.ActiveCfg = Release|Any CPU
		{6A4F47B1-F0BB-4189-9475-6364539F0085}.Release|x64.Build.0 = Release|Any CPU
		{6A4F47B1-F0BB-4189-9475-6364539F0085}.Release|x86.ActiveCfg = Release|Any CPU
		{6A4F47B1-F0BB-4189-9475-6364539F0085}.Release|x86.Build.0 = Release|Any CPU
		{78859378-3CD3-40E4-B0BE-3C1793B6EAEC}.Debug|Any CPU.ActiveCfg = Debug|Any CPU
		{78859378-3CD3-40E4-B0BE-3C1793B6EAEC}.Debug|Any CPU.Build.0 = Debug|Any CPU
		{78859378-3CD3-40E4-B0BE-3C1793B6EAEC}.Debug|x64.ActiveCfg = Debug|Any CPU
		{78859378-3CD3-40E4-B0BE-3C1793B6EAEC}.Debug|x64.Build.0 = Debug|Any CPU
		{78859378-3CD3-40E4-B0BE-3C1793B6EAEC}.Debug|x86.ActiveCfg = Debug|Any CPU
		{78859378-3CD3-40E4-B0BE-3C1793B6EAEC}.Debug|x86.Build.0 = Debug|Any CPU
		{78859378-3CD3-40E4-B0BE-3C1793B6EAEC}.Release|Any CPU.ActiveCfg = Release|Any CPU
		{78859378-3CD3-40E4-B0BE-3C1793B6EAEC}.Release|Any CPU.Build.0 = Release|Any CPU
		{78859378-3CD3-40E4-B0BE-3C1793B6EAEC}.Release|x64.ActiveCfg = Release|Any CPU
		{78859378-3CD3-40E4-B0BE-3C1793B6EAEC}.Release|x64.Build.0 = Release|Any CPU
		{78859378-3CD3-40E4-B0BE-3C1793B6EAEC}.Release|x86.ActiveCfg = Release|Any CPU
		{78859378-3CD3-40E4-B0BE-3C1793B6EAEC}.Release|x86.Build.0 = Release|Any CPU
	EndGlobalSection
	GlobalSection(NestedProjects) = preSolution
		{7ED676AE-3287-4B17-AC8E-22AA1C2D4A6F} = {2DA64B52-8C47-4BE8-A1C4-0099278F87B9}
		{6A4F47B1-F0BB-4189-9475-6364539F0085} = {91D17675-5547-41F7-A237-2FB75875DAD2}
		{78859378-3CD3-40E4-B0BE-3C1793B6EAEC} = {7830D60F-C749-4844-A0F6-F75693EEBDB2}
	EndGlobalSection
EndGlobal
