
Microsoft Visual Studio Solution File, Format Version 12.00
# Visual Studio Version 16
VisualStudioVersion = 16.0.31105.61
MinimumVisualStudioVersion = 10.0.40219.1
Project("{FAE04EC0-301F-11D3-BF4B-00C04F79EFBC}") = "BlazorCounterDemo.Server", "Server\BlazorCounterDemo.Server.csproj", "{C36D8D08-DD0B-43D7-B2FE-3346C0E55AD7}"
EndProject
Project("{FAE04EC0-301F-11D3-BF4B-00C04F79EFBC}") = "BlazorCounterDemo.Client", "Client\BlazorCounterDemo.Client.csproj", "{0A821E13-493A-444F-82B6-C3AE04FED405}"
EndProject
Project("{FAE04EC0-301F-11D3-BF4B-00C04F79EFBC}") = "BlazorCounterDemo.Shared", "Shared\BlazorCounterDemo.Shared.csproj", "{CB45B439-0957-432C-84BC-BE71A3C849E6}"
EndProject
Global
	GlobalSection(SolutionConfigurationPlatforms) = preSolution
		Debug|Any CPU = Debug|Any CPU
		Release|Any CPU = Release|Any CPU
	EndGlobalSection
	GlobalSection(ProjectConfigurationPlatforms) = postSolution
		{C36D8D08-DD0B-43D7-B2FE-3346C0E55AD7}.Debug|Any CPU.ActiveCfg = Debug|Any CPU
		{C36D8D08-DD0B-43D7-B2FE-3346C0E55AD7}.Debug|Any CPU.Build.0 = Debug|Any CPU
		{C36D8D08-DD0B-43D7-B2FE-3346C0E55AD7}.Release|Any CPU.ActiveCfg = Release|Any CPU
		{C36D8D08-DD0B-43D7-B2FE-3346C0E55AD7}.Release|Any CPU.Build.0 = Release|Any CPU
		{0A821E13-493A-444F-82B6-C3AE04FED405}.Debug|Any CPU.ActiveCfg = Debug|Any CPU
		{0A821E13-493A-444F-82B6-C3AE04FED405}.Debug|Any CPU.Build.0 = Debug|Any CPU
		{0A821E13-493A-444F-82B6-C3AE04FED405}.Release|Any CPU.ActiveCfg = Release|Any CPU
		{0A821E13-493A-444F-82B6-C3AE04FED405}.Release|Any CPU.Build.0 = Release|Any CPU
		{CB45B439-0957-432C-84BC-BE71A3C849E6}.Debug|Any CPU.ActiveCfg = Debug|Any CPU
		{CB45B439-0957-432C-84BC-BE71A3C849E6}.Debug|Any CPU.Build.0 = Debug|Any CPU
		{CB45B439-0957-432C-84BC-BE71A3C849E6}.Release|Any CPU.ActiveCfg = Release|Any CPU
		{CB45B439-0957-432C-84BC-BE71A3C849E6}.Release|Any CPU.Build.0 = Release|Any CPU
	EndGlobalSection
	GlobalSection(SolutionProperties) = preSolution
		HideSolutionNode = FALSE
	EndGlobalSection
	GlobalSection(ExtensibilityGlobals) = postSolution
		SolutionGuid = {423E3C46-52CF-4362-B89A-44751BAD56BA}
	EndGlobalSection
EndGlobal
