
Microsoft Visual Studio Solution File, Format Version 12.00
# Visual Studio Version 16
VisualStudioVersion = 16.0.31105.61
MinimumVisualStudioVersion = 10.0.40219.1
Project("{FAE04EC0-301F-11D3-BF4B-00C04F79EFBC}") = "BlazorCounterDemo.WASM", "BlazorCounterDemo.WASM\BlazorCounterDemo.WASM.csproj", "{46919E8B-5E50-49E0-9976-E112A9F4DF8B}"
EndProject
Project("{FAE04EC0-301F-11D3-BF4B-00C04F79EFBC}") = "BlazorCounterDemo.Server", "BlazorCounterDemo.Server\BlazorCounterDemo.Server.csproj", "{1054737C-F507-4632-96C1-EA21E851DE8A}"
EndProject
Global
	GlobalSection(SolutionConfigurationPlatforms) = preSolution
		Debug|Any CPU = Debug|Any CPU
		Release|Any CPU = Release|Any CPU
	EndGlobalSection
	GlobalSection(ProjectConfigurationPlatforms) = postSolution
		{46919E8B-5E50-49E0-9976-E112A9F4DF8B}.Debug|Any CPU.ActiveCfg = Debug|Any CPU
		{46919E8B-5E50-49E0-9976-E112A9F4DF8B}.Debug|Any CPU.Build.0 = Debug|Any CPU
		{46919E8B-5E50-49E0-9976-E112A9F4DF8B}.Release|Any CPU.ActiveCfg = Release|Any CPU
		{46919E8B-5E50-49E0-9976-E112A9F4DF8B}.Release|Any CPU.Build.0 = Release|Any CPU
		{1054737C-F507-4632-96C1-EA21E851DE8A}.Debug|Any CPU.ActiveCfg = Debug|Any CPU
		{1054737C-F507-4632-96C1-EA21E851DE8A}.Debug|Any CPU.Build.0 = Debug|Any CPU
		{1054737C-F507-4632-96C1-EA21E851DE8A}.Release|Any CPU.ActiveCfg = Release|Any CPU
		{1054737C-F507-4632-96C1-EA21E851DE8A}.Release|Any CPU.Build.0 = Release|Any CPU
	EndGlobalSection
	GlobalSection(SolutionProperties) = preSolution
		HideSolutionNode = FALSE
	EndGlobalSection
	GlobalSection(ExtensibilityGlobals) = postSolution
		SolutionGuid = {423E3C46-52CF-4362-B89A-44751BAD56BA}
	EndGlobalSection
EndGlobal
